// !$*UTF8*$!
{
	archiveVersion = 1;
	classes = {
	};
	objectVersion = 77;
	objects = {

/* Begin PBXBuildFile section */
		3C6232286021EF569D3868FD /* Pods_Dotenko.framework in Frameworks */ = {isa = PBXBuildFile; fileRef = 88F328BD40B595183D5004C3 /* Pods_Dotenko.framework */; };
		40C775514B950B7953B97C69 /* Pods_DotenkoTests.framework in Frameworks */ = {isa = PBXBuildFile; fileRef = 2AF4E5C1D649B13F3DCA01BE /* Pods_DotenkoTests.framework */; };
		53D04A3700F6AF43023250C9 /* Pods_Dotenko_DotenkoUITests.framework in Frameworks */ = {isa = PBXBuildFile; fileRef = 0E05845B860A2D7D6AE2DC9A /* Pods_Dotenko_DotenkoUITests.framework */; };
/* End PBXBuildFile section */

/* Begin PBXContainerItemProxy section */
		5D751A3D2D155560008B22D4 /* PBXContainerItemProxy */ = {
			isa = PBXContainerItemProxy;
			containerPortal = 5D751A242D15555D008B22D4 /* Project object */;
			proxyType = 1;
			remoteGlobalIDString = 5D751A2B2D15555D008B22D4;
			remoteInfo = Dotenko;
		};
		5D751A472D155560008B22D4 /* PBXContainerItemProxy */ = {
			isa = PBXContainerItemProxy;
			containerPortal = 5D751A242D15555D008B22D4 /* Project object */;
			proxyType = 1;
			remoteGlobalIDString = 5D751A2B2D15555D008B22D4;
			remoteInfo = Dotenko;
		};
/* End PBXContainerItemProxy section */

/* Begin PBXFileReference section */
		0E05845B860A2D7D6AE2DC9A /* Pods_Dotenko_DotenkoUITests.framework */ = {isa = PBXFileReference; explicitFileType = wrapper.framework; includeInIndex = 0; path = Pods_Dotenko_DotenkoUITests.framework; sourceTree = BUILT_PRODUCTS_DIR; };
		2AF4E5C1D649B13F3DCA01BE /* Pods_DotenkoTests.framework */ = {isa = PBXFileReference; explicitFileType = wrapper.framework; includeInIndex = 0; path = Pods_DotenkoTests.framework; sourceTree = BUILT_PRODUCTS_DIR; };
		5A3FA855D8B59E2041A1A806 /* Pods-Dotenko.release.xcconfig */ = {isa = PBXFileReference; includeInIndex = 1; lastKnownFileType = text.xcconfig; name = "Pods-Dotenko.release.xcconfig"; path = "Target Support Files/Pods-Dotenko/Pods-Dotenko.release.xcconfig"; sourceTree = "<group>"; };
		5D751A2C2D15555D008B22D4 /* Dotenko.app */ = {isa = PBXFileReference; explicitFileType = wrapper.application; includeInIndex = 0; path = Dotenko.app; sourceTree = BUILT_PRODUCTS_DIR; };
		5D751A3C2D155560008B22D4 /* DotenkoTests.xctest */ = {isa = PBXFileReference; explicitFileType = wrapper.cfbundle; includeInIndex = 0; path = DotenkoTests.xctest; sourceTree = BUILT_PRODUCTS_DIR; };
		5D751A462D155560008B22D4 /* DotenkoUITests.xctest */ = {isa = PBXFileReference; explicitFileType = wrapper.cfbundle; includeInIndex = 0; path = DotenkoUITests.xctest; sourceTree = BUILT_PRODUCTS_DIR; };
		5D792602C513FEFD32D8B292 /* Pods-Dotenko-DotenkoUITests.debug.xcconfig */ = {isa = PBXFileReference; includeInIndex = 1; lastKnownFileType = text.xcconfig; name = "Pods-Dotenko-DotenkoUITests.debug.xcconfig"; path = "Target Support Files/Pods-Dotenko-DotenkoUITests/Pods-Dotenko-DotenkoUITests.debug.xcconfig"; sourceTree = "<group>"; };
		88F328BD40B595183D5004C3 /* Pods_Dotenko.framework */ = {isa = PBXFileReference; explicitFileType = wrapper.framework; includeInIndex = 0; path = Pods_Dotenko.framework; sourceTree = BUILT_PRODUCTS_DIR; };
		8DFADD398943BC13F45C9D9F /* Pods-DotenkoTests.debug.xcconfig */ = {isa = PBXFileReference; includeInIndex = 1; lastKnownFileType = text.xcconfig; name = "Pods-DotenkoTests.debug.xcconfig"; path = "Target Support Files/Pods-DotenkoTests/Pods-DotenkoTests.debug.xcconfig"; sourceTree = "<group>"; };
		91FB9AE73657FEE65D679DEB /* Pods-DotenkoTests.release.xcconfig */ = {isa = PBXFileReference; includeInIndex = 1; lastKnownFileType = text.xcconfig; name = "Pods-DotenkoTests.release.xcconfig"; path = "Target Support Files/Pods-DotenkoTests/Pods-DotenkoTests.release.xcconfig"; sourceTree = "<group>"; };
		B67352B0EFD307A08251135A /* Pods-Dotenko.debug.xcconfig */ = {isa = PBXFileReference; includeInIndex = 1; lastKnownFileType = text.xcconfig; name = "Pods-Dotenko.debug.xcconfig"; path = "Target Support Files/Pods-Dotenko/Pods-Dotenko.debug.xcconfig"; sourceTree = "<group>"; };
		D37A7771DFCEE90C79283DB7 /* Pods-Dotenko-DotenkoUITests.release.xcconfig */ = {isa = PBXFileReference; includeInIndex = 1; lastKnownFileType = text.xcconfig; name = "Pods-Dotenko-DotenkoUITests.release.xcconfig"; path = "Target Support Files/Pods-Dotenko-DotenkoUITests/Pods-Dotenko-DotenkoUITests.release.xcconfig"; sourceTree = "<group>"; };
/* End PBXFileReference section */

/* Begin PBXFileSystemSynchronizedRootGroup section */
		5D751A2E2D15555D008B22D4 /* Dotenko */ = {
			isa = PBXFileSystemSynchronizedRootGroup;
			exceptions = (
			);
			path = Dotenko;
			sourceTree = "<group>";
		};
		5D751A3F2D155560008B22D4 /* DotenkoTests */ = {
			isa = PBXFileSystemSynchronizedRootGroup;
			exceptions = (
			);
			path = DotenkoTests;
			sourceTree = "<group>";
		};
		5D751A492D155560008B22D4 /* DotenkoUITests */ = {
			isa = PBXFileSystemSynchronizedRootGroup;
			exceptions = (
			);
			path = DotenkoUITests;
			sourceTree = "<group>";
		};
/* End PBXFileSystemSynchronizedRootGroup section */

/* Begin PBXFrameworksBuildPhase section */
		5D751A292D15555D008B22D4 /* Frameworks */ = {
			isa = PBXFrameworksBuildPhase;
			buildActionMask = 2147483647;
			files = (
				3C6232286021EF569D3868FD /* Pods_Dotenko.framework in Frameworks */,
			);
			runOnlyForDeploymentPostprocessing = 0;
		};
		5D751A392D155560008B22D4 /* Frameworks */ = {
			isa = PBXFrameworksBuildPhase;
			buildActionMask = 2147483647;
			files = (
				40C775514B950B7953B97C69 /* Pods_DotenkoTests.framework in Frameworks */,
			);
			runOnlyForDeploymentPostprocessing = 0;
		};
		5D751A432D155560008B22D4 /* Frameworks */ = {
			isa = PBXFrameworksBuildPhase;
			buildActionMask = 2147483647;
			files = (
				53D04A3700F6AF43023250C9 /* Pods_Dotenko_DotenkoUITests.framework in Frameworks */,
			);
			runOnlyForDeploymentPostprocessing = 0;
		};
/* End PBXFrameworksBuildPhase section */

/* Begin PBXGroup section */
		5D751A232D15555D008B22D4 = {
			isa = PBXGroup;
			children = (
				5D751A2E2D15555D008B22D4 /* Dotenko */,
				5D751A3F2D155560008B22D4 /* DotenkoTests */,
				5D751A492D155560008B22D4 /* DotenkoUITests */,
				5D751A2D2D15555D008B22D4 /* Products */,
				974146F7CE2E18B437796763 /* Pods */,
				6284BE8CEBA927EC76DC919C /* Frameworks */,
			);
			sourceTree = "<group>";
		};
		5D751A2D2D15555D008B22D4 /* Products */ = {
			isa = PBXGroup;
			children = (
				5D751A2C2D15555D008B22D4 /* Dotenko.app */,
				5D751A3C2D155560008B22D4 /* DotenkoTests.xctest */,
				5D751A462D155560008B22D4 /* DotenkoUITests.xctest */,
			);
			name = Products;
			sourceTree = "<group>";
		};
		6284BE8CEBA927EC76DC919C /* Frameworks */ = {
			isa = PBXGroup;
			children = (
				88F328BD40B595183D5004C3 /* Pods_Dotenko.framework */,
				0E05845B860A2D7D6AE2DC9A /* Pods_Dotenko_DotenkoUITests.framework */,
				2AF4E5C1D649B13F3DCA01BE /* Pods_DotenkoTests.framework */,
			);
			name = Frameworks;
			sourceTree = "<group>";
		};
		974146F7CE2E18B437796763 /* Pods */ = {
			isa = PBXGroup;
			children = (
				B67352B0EFD307A08251135A /* Pods-Dotenko.debug.xcconfig */,
				5A3FA855D8B59E2041A1A806 /* Pods-Dotenko.release.xcconfig */,
				5D792602C513FEFD32D8B292 /* Pods-Dotenko-DotenkoUITests.debug.xcconfig */,
				D37A7771DFCEE90C79283DB7 /* Pods-Dotenko-DotenkoUITests.release.xcconfig */,
				8DFADD398943BC13F45C9D9F /* Pods-DotenkoTests.debug.xcconfig */,
				91FB9AE73657FEE65D679DEB /* Pods-DotenkoTests.release.xcconfig */,
			);
			name = Pods;
			path = Pods;
			sourceTree = "<group>";
		};
/* End PBXGroup section */

/* Begin PBXNativeTarget section */
		5D751A2B2D15555D008B22D4 /* Dotenko */ = {
			isa = PBXNativeTarget;
			buildConfigurationList = 5D751A502D155560008B22D4 /* Build configuration list for PBXNativeTarget "Dotenko" */;
			buildPhases = (
				796F9E3E353D9F76744D218C /* [CP] Check Pods Manifest.lock */,
				5D751A282D15555D008B22D4 /* Sources */,
				5D751A292D15555D008B22D4 /* Frameworks */,
				5D751A2A2D15555D008B22D4 /* Resources */,
				4DC506301D50289DFD21E501 /* [CP] Embed Pods Frameworks */,
			);
			buildRules = (
			);
			dependencies = (
			);
			fileSystemSynchronizedGroups = (
				5D751A2E2D15555D008B22D4 /* Dotenko */,
			);
			name = Dotenko;
			productName = Dotenko;
			productReference = 5D751A2C2D15555D008B22D4 /* Dotenko.app */;
			productType = "com.apple.product-type.application";
		};
		5D751A3B2D155560008B22D4 /* DotenkoTests */ = {
			isa = PBXNativeTarget;
			buildConfigurationList = 5D751A532D155560008B22D4 /* Build configuration list for PBXNativeTarget "DotenkoTests" */;
			buildPhases = (
				0767FF07B4AB0328E23C248C /* [CP] Check Pods Manifest.lock */,
				5D751A382D155560008B22D4 /* Sources */,
				5D751A392D155560008B22D4 /* Frameworks */,
				5D751A3A2D155560008B22D4 /* Resources */,
			);
			buildRules = (
			);
			dependencies = (
				5D751A3E2D155560008B22D4 /* PBXTargetDependency */,
			);
			fileSystemSynchronizedGroups = (
				5D751A3F2D155560008B22D4 /* DotenkoTests */,
			);
			name = DotenkoTests;
			productName = DotenkoTests;
			productReference = 5D751A3C2D155560008B22D4 /* DotenkoTests.xctest */;
			productType = "com.apple.product-type.bundle.unit-test";
		};
		5D751A452D155560008B22D4 /* DotenkoUITests */ = {
			isa = PBXNativeTarget;
			buildConfigurationList = 5D751A562D155560008B22D4 /* Build configuration list for PBXNativeTarget "DotenkoUITests" */;
			buildPhases = (
				B22E71EB4A42105E2FAB0834 /* [CP] Check Pods Manifest.lock */,
				5D751A422D155560008B22D4 /* Sources */,
				5D751A432D155560008B22D4 /* Frameworks */,
				5D751A442D155560008B22D4 /* Resources */,
				29F7E652EDFF17F63DCC521F /* [CP] Embed Pods Frameworks */,
			);
			buildRules = (
			);
			dependencies = (
				5D751A482D155560008B22D4 /* PBXTargetDependency */,
			);
			fileSystemSynchronizedGroups = (
				5D751A492D155560008B22D4 /* DotenkoUITests */,
			);
			name = DotenkoUITests;
			productName = DotenkoUITests;
			productReference = 5D751A462D155560008B22D4 /* DotenkoUITests.xctest */;
			productType = "com.apple.product-type.bundle.ui-testing";
		};
/* End PBXNativeTarget section */

/* Begin PBXProject section */
		5D751A242D15555D008B22D4 /* Project object */ = {
			isa = PBXProject;
			attributes = {
				BuildIndependentTargetsInParallel = 1;
				LastSwiftUpdateCheck = 1620;
				LastUpgradeCheck = 1620;
				TargetAttributes = {
					5D751A2B2D15555D008B22D4 = {
						CreatedOnToolsVersion = 16.2;
					};
					5D751A3B2D155560008B22D4 = {
						CreatedOnToolsVersion = 16.2;
						TestTargetID = 5D751A2B2D15555D008B22D4;
					};
					5D751A452D155560008B22D4 = {
						CreatedOnToolsVersion = 16.2;
						TestTargetID = 5D751A2B2D15555D008B22D4;
					};
				};
			};
			buildConfigurationList = 5D751A272D15555D008B22D4 /* Build configuration list for PBXProject "Dotenko" */;
			developmentRegion = en;
			hasScannedForEncodings = 0;
			knownRegions = (
				en,
				Base,
			);
			mainGroup = 5D751A232D15555D008B22D4;
			minimizedProjectReferenceProxies = 1;
			preferredProjectObjectVersion = 77;
			productRefGroup = 5D751A2D2D15555D008B22D4 /* Products */;
			projectDirPath = "";
			projectRoot = "";
			targets = (
				5D751A2B2D15555D008B22D4 /* Dotenko */,
				5D751A3B2D155560008B22D4 /* DotenkoTests */,
				5D751A452D155560008B22D4 /* DotenkoUITests */,
			);
		};
/* End PBXProject section */

/* Begin PBXResourcesBuildPhase section */
		5D751A2A2D15555D008B22D4 /* Resources */ = {
			isa = PBXResourcesBuildPhase;
			buildActionMask = 2147483647;
			files = (
			);
			runOnlyForDeploymentPostprocessing = 0;
		};
		5D751A3A2D155560008B22D4 /* Resources */ = {
			isa = PBXResourcesBuildPhase;
			buildActionMask = 2147483647;
			files = (
			);
			runOnlyForDeploymentPostprocessing = 0;
		};
		5D751A442D155560008B22D4 /* Resources */ = {
			isa = PBXResourcesBuildPhase;
			buildActionMask = 2147483647;
			files = (
			);
			runOnlyForDeploymentPostprocessing = 0;
		};
/* End PBXResourcesBuildPhase section */

/* Begin PBXShellScriptBuildPhase section */
		0767FF07B4AB0328E23C248C /* [CP] Check Pods Manifest.lock */ = {
			isa = PBXShellScriptBuildPhase;
			buildActionMask = 2147483647;
			files = (
			);
			inputFileListPaths = (
			);
			inputPaths = (
				"${PODS_PODFILE_DIR_PATH}/Podfile.lock",
				"${PODS_ROOT}/Manifest.lock",
			);
			name = "[CP] Check Pods Manifest.lock";
			outputFileListPaths = (
			);
			outputPaths = (
				"$(DERIVED_FILE_DIR)/Pods-DotenkoTests-checkManifestLockResult.txt",
			);
			runOnlyForDeploymentPostprocessing = 0;
			shellPath = /bin/sh;
			shellScript = "diff \"${PODS_PODFILE_DIR_PATH}/Podfile.lock\" \"${PODS_ROOT}/Manifest.lock\" > /dev/null\nif [ $? != 0 ] ; then\n    # print error to STDERR\n    echo \"error: The sandbox is not in sync with the Podfile.lock. Run 'pod install' or update your CocoaPods installation.\" >&2\n    exit 1\nfi\n# This output is used by Xcode 'outputs' to avoid re-running this script phase.\necho \"SUCCESS\" > \"${SCRIPT_OUTPUT_FILE_0}\"\n";
			showEnvVarsInLog = 0;
		};
		29F7E652EDFF17F63DCC521F /* [CP] Embed Pods Frameworks */ = {
			isa = PBXShellScriptBuildPhase;
			buildActionMask = 2147483647;
			files = (
			);
			inputFileListPaths = (
				"${PODS_ROOT}/Target Support Files/Pods-Dotenko-DotenkoUITests/Pods-Dotenko-DotenkoUITests-frameworks-${CONFIGURATION}-input-files.xcfilelist",
			);
			name = "[CP] Embed Pods Frameworks";
			outputFileListPaths = (
				"${PODS_ROOT}/Target Support Files/Pods-Dotenko-DotenkoUITests/Pods-Dotenko-DotenkoUITests-frameworks-${CONFIGURATION}-output-files.xcfilelist",
			);
			runOnlyForDeploymentPostprocessing = 0;
			shellPath = /bin/sh;
			shellScript = "\"${PODS_ROOT}/Target Support Files/Pods-Dotenko-DotenkoUITests/Pods-Dotenko-DotenkoUITests-frameworks.sh\"\n";
			showEnvVarsInLog = 0;
		};
		4DC506301D50289DFD21E501 /* [CP] Embed Pods Frameworks */ = {
			isa = PBXShellScriptBuildPhase;
			buildActionMask = 2147483647;
			files = (
			);
			inputFileListPaths = (
				"${PODS_ROOT}/Target Support Files/Pods-Dotenko/Pods-Dotenko-frameworks-${CONFIGURATION}-input-files.xcfilelist",
			);
			name = "[CP] Embed Pods Frameworks";
			outputFileListPaths = (
				"${PODS_ROOT}/Target Support Files/Pods-Dotenko/Pods-Dotenko-frameworks-${CONFIGURATION}-output-files.xcfilelist",
			);
			runOnlyForDeploymentPostprocessing = 0;
			shellPath = /bin/sh;
			shellScript = "\"${PODS_ROOT}/Target Support Files/Pods-Dotenko/Pods-Dotenko-frameworks.sh\"\n";
			showEnvVarsInLog = 0;
		};
		796F9E3E353D9F76744D218C /* [CP] Check Pods Manifest.lock */ = {
			isa = PBXShellScriptBuildPhase;
			buildActionMask = 2147483647;
			files = (
			);
			inputFileListPaths = (
			);
			inputPaths = (
				"${PODS_PODFILE_DIR_PATH}/Podfile.lock",
				"${PODS_ROOT}/Manifest.lock",
			);
			name = "[CP] Check Pods Manifest.lock";
			outputFileListPaths = (
			);
			outputPaths = (
				"$(DERIVED_FILE_DIR)/Pods-Dotenko-checkManifestLockResult.txt",
			);
			runOnlyForDeploymentPostprocessing = 0;
			shellPath = /bin/sh;
			shellScript = "diff \"${PODS_PODFILE_DIR_PATH}/Podfile.lock\" \"${PODS_ROOT}/Manifest.lock\" > /dev/null\nif [ $? != 0 ] ; then\n    # print error to STDERR\n    echo \"error: The sandbox is not in sync with the Podfile.lock. Run 'pod install' or update your CocoaPods installation.\" >&2\n    exit 1\nfi\n# This output is used by Xcode 'outputs' to avoid re-running this script phase.\necho \"SUCCESS\" > \"${SCRIPT_OUTPUT_FILE_0}\"\n";
			showEnvVarsInLog = 0;
		};
		B22E71EB4A42105E2FAB0834 /* [CP] Check Pods Manifest.lock */ = {
			isa = PBXShellScriptBuildPhase;
			buildActionMask = 2147483647;
			files = (
			);
			inputFileListPaths = (
			);
			inputPaths = (
				"${PODS_PODFILE_DIR_PATH}/Podfile.lock",
				"${PODS_ROOT}/Manifest.lock",
			);
			name = "[CP] Check Pods Manifest.lock";
			outputFileListPaths = (
			);
			outputPaths = (
				"$(DERIVED_FILE_DIR)/Pods-Dotenko-DotenkoUITests-checkManifestLockResult.txt",
			);
			runOnlyForDeploymentPostprocessing = 0;
			shellPath = /bin/sh;
			shellScript = "diff \"${PODS_PODFILE_DIR_PATH}/Podfile.lock\" \"${PODS_ROOT}/Manifest.lock\" > /dev/null\nif [ $? != 0 ] ; then\n    # print error to STDERR\n    echo \"error: The sandbox is not in sync with the Podfile.lock. Run 'pod install' or update your CocoaPods installation.\" >&2\n    exit 1\nfi\n# This output is used by Xcode 'outputs' to avoid re-running this script phase.\necho \"SUCCESS\" > \"${SCRIPT_OUTPUT_FILE_0}\"\n";
			showEnvVarsInLog = 0;
		};
/* End PBXShellScriptBuildPhase section */

/* Begin PBXSourcesBuildPhase section */
		5D751A282D15555D008B22D4 /* Sources */ = {
			isa = PBXSourcesBuildPhase;
			buildActionMask = 2147483647;
			files = (
			);
			runOnlyForDeploymentPostprocessing = 0;
		};
		5D751A382D155560008B22D4 /* Sources */ = {
			isa = PBXSourcesBuildPhase;
			buildActionMask = 2147483647;
			files = (
			);
			runOnlyForDeploymentPostprocessing = 0;
		};
		5D751A422D155560008B22D4 /* Sources */ = {
			isa = PBXSourcesBuildPhase;
			buildActionMask = 2147483647;
			files = (
			);
			runOnlyForDeploymentPostprocessing = 0;
		};
/* End PBXSourcesBuildPhase section */

/* Begin PBXTargetDependency section */
		5D751A3E2D155560008B22D4 /* PBXTargetDependency */ = {
			isa = PBXTargetDependency;
			target = 5D751A2B2D15555D008B22D4 /* Dotenko */;
			targetProxy = 5D751A3D2D155560008B22D4 /* PBXContainerItemProxy */;
		};
		5D751A482D155560008B22D4 /* PBXTargetDependency */ = {
			isa = PBXTargetDependency;
			target = 5D751A2B2D15555D008B22D4 /* Dotenko */;
			targetProxy = 5D751A472D155560008B22D4 /* PBXContainerItemProxy */;
		};
/* End PBXTargetDependency section */

/* Begin XCBuildConfiguration section */
		5D751A4E2D155560008B22D4 /* Debug */ = {
			isa = XCBuildConfiguration;
			buildSettings = {
				ALWAYS_SEARCH_USER_PATHS = NO;
				ASSETCATALOG_COMPILER_GENERATE_SWIFT_ASSET_SYMBOL_EXTENSIONS = YES;
				CLANG_ANALYZER_NONNULL = YES;
				CLANG_ANALYZER_NUMBER_OBJECT_CONVERSION = YES_AGGRESSIVE;
				CLANG_CXX_LANGUAGE_STANDARD = "gnu++20";
				CLANG_ENABLE_MODULES = YES;
				CLANG_ENABLE_OBJC_ARC = YES;
				CLANG_ENABLE_OBJC_WEAK = YES;
				CLANG_WARN_BLOCK_CAPTURE_AUTORELEASING = YES;
				CLANG_WARN_BOOL_CONVERSION = YES;
				CLANG_WARN_COMMA = YES;
				CLANG_WARN_CONSTANT_CONVERSION = YES;
				CLANG_WARN_DEPRECATED_OBJC_IMPLEMENTATIONS = YES;
				CLANG_WARN_DIRECT_OBJC_ISA_USAGE = YES_ERROR;
				CLANG_WARN_DOCUMENTATION_COMMENTS = YES;
				CLANG_WARN_EMPTY_BODY = YES;
				CLANG_WARN_ENUM_CONVERSION = YES;
				CLANG_WARN_INFINITE_RECURSION = YES;
				CLANG_WARN_INT_CONVERSION = YES;
				CLANG_WARN_NON_LITERAL_NULL_CONVERSION = YES;
				CLANG_WARN_OBJC_IMPLICIT_RETAIN_SELF = YES;
				CLANG_WARN_OBJC_LITERAL_CONVERSION = YES;
				CLANG_WARN_OBJC_ROOT_CLASS = YES_ERROR;
				CLANG_WARN_QUOTED_INCLUDE_IN_FRAMEWORK_HEADER = YES;
				CLANG_WARN_RANGE_LOOP_ANALYSIS = YES;
				CLANG_WARN_STRICT_PROTOTYPES = YES;
				CLANG_WARN_SUSPICIOUS_MOVE = YES;
				CLANG_WARN_UNGUARDED_AVAILABILITY = YES_AGGRESSIVE;
				CLANG_WARN_UNREACHABLE_CODE = YES;
				CLANG_WARN__DUPLICATE_METHOD_MATCH = YES;
				COPY_PHASE_STRIP = NO;
				DEBUG_INFORMATION_FORMAT = dwarf;
				ENABLE_STRICT_OBJC_MSGSEND = YES;
				ENABLE_TESTABILITY = YES;
				ENABLE_USER_SCRIPT_SANDBOXING = YES;
				GCC_C_LANGUAGE_STANDARD = gnu17;
				GCC_DYNAMIC_NO_PIC = NO;
				GCC_NO_COMMON_BLOCKS = YES;
				GCC_OPTIMIZATION_LEVEL = 0;
				GCC_PREPROCESSOR_DEFINITIONS = (
					"DEBUG=1",
					"$(inherited)",
				);
				GCC_WARN_64_TO_32_BIT_CONVERSION = YES;
				GCC_WARN_ABOUT_RETURN_TYPE = YES_ERROR;
				GCC_WARN_UNDECLARED_SELECTOR = YES;
				GCC_WARN_UNINITIALIZED_AUTOS = YES_AGGRESSIVE;
				GCC_WARN_UNUSED_FUNCTION = YES;
				GCC_WARN_UNUSED_VARIABLE = YES;
				IPHONEOS_DEPLOYMENT_TARGET = 18.2;
				LOCALIZATION_PREFERS_STRING_CATALOGS = YES;
				MTL_ENABLE_DEBUG_INFO = INCLUDE_SOURCE;
				MTL_FAST_MATH = YES;
				ONLY_ACTIVE_ARCH = YES;
				SDKROOT = iphoneos;
				SWIFT_ACTIVE_COMPILATION_CONDITIONS = "DEBUG $(inherited)";
				SWIFT_OPTIMIZATION_LEVEL = "-Onone";
			};
			name = Debug;
		};
		5D751A4F2D155560008B22D4 /* Release */ = {
			isa = XCBuildConfiguration;
			buildSettings = {
				ALWAYS_SEARCH_USER_PATHS = NO;
				ASSETCATALOG_COMPILER_GENERATE_SWIFT_ASSET_SYMBOL_EXTENSIONS = YES;
				CLANG_ANALYZER_NONNULL = YES;
				CLANG_ANALYZER_NUMBER_OBJECT_CONVERSION = YES_AGGRESSIVE;
				CLANG_CXX_LANGUAGE_STANDARD = "gnu++20";
				CLANG_ENABLE_MODULES = YES;
				CLANG_ENABLE_OBJC_ARC = YES;
				CLANG_ENABLE_OBJC_WEAK = YES;
				CLANG_WARN_BLOCK_CAPTURE_AUTORELEASING = YES;
				CLANG_WARN_BOOL_CONVERSION = YES;
				CLANG_WARN_COMMA = YES;
				CLANG_WARN_CONSTANT_CONVERSION = YES;
				CLANG_WARN_DEPRECATED_OBJC_IMPLEMENTATIONS = YES;
				CLANG_WARN_DIRECT_OBJC_ISA_USAGE = YES_ERROR;
				CLANG_WARN_DOCUMENTATION_COMMENTS = YES;
				CLANG_WARN_EMPTY_BODY = YES;
				CLANG_WARN_ENUM_CONVERSION = YES;
				CLANG_WARN_INFINITE_RECURSION = YES;
				CLANG_WARN_INT_CONVERSION = YES;
				CLANG_WARN_NON_LITERAL_NULL_CONVERSION = YES;
				CLANG_WARN_OBJC_IMPLICIT_RETAIN_SELF = YES;
				CLANG_WARN_OBJC_LITERAL_CONVERSION = YES;
				CLANG_WARN_OBJC_ROOT_CLASS = YES_ERROR;
				CLANG_WARN_QUOTED_INCLUDE_IN_FRAMEWORK_HEADER = YES;
				CLANG_WARN_RANGE_LOOP_ANALYSIS = YES;
				CLANG_WARN_STRICT_PROTOTYPES = YES;
				CLANG_WARN_SUSPICIOUS_MOVE = YES;
				CLANG_WARN_UNGUARDED_AVAILABILITY = YES_AGGRESSIVE;
				CLANG_WARN_UNREACHABLE_CODE = YES;
				CLANG_WARN__DUPLICATE_METHOD_MATCH = YES;
				COPY_PHASE_STRIP = NO;
				DEBUG_INFORMATION_FORMAT = "dwarf-with-dsym";
				ENABLE_NS_ASSERTIONS = NO;
				ENABLE_STRICT_OBJC_MSGSEND = YES;
				ENABLE_USER_SCRIPT_SANDBOXING = YES;
				GCC_C_LANGUAGE_STANDARD = gnu17;
				GCC_NO_COMMON_BLOCKS = YES;
				GCC_WARN_64_TO_32_BIT_CONVERSION = YES;
				GCC_WARN_ABOUT_RETURN_TYPE = YES_ERROR;
				GCC_WARN_UNDECLARED_SELECTOR = YES;
				GCC_WARN_UNINITIALIZED_AUTOS = YES_AGGRESSIVE;
				GCC_WARN_UNUSED_FUNCTION = YES;
				GCC_WARN_UNUSED_VARIABLE = YES;
				IPHONEOS_DEPLOYMENT_TARGET = 18.2;
				LOCALIZATION_PREFERS_STRING_CATALOGS = YES;
				MTL_ENABLE_DEBUG_INFO = NO;
				MTL_FAST_MATH = YES;
				SDKROOT = iphoneos;
				SWIFT_COMPILATION_MODE = wholemodule;
				VALIDATE_PRODUCT = YES;
			};
			name = Release;
		};
		5D751A512D155560008B22D4 /* Debug */ = {
			isa = XCBuildConfiguration;
			baseConfigurationReference = B67352B0EFD307A08251135A /* Pods-Dotenko.debug.xcconfig */;
			buildSettings = {
				ASSETCATALOG_COMPILER_APPICON_NAME = AppIcon;
				ASSETCATALOG_COMPILER_GLOBAL_ACCENT_COLOR_NAME = AccentColor;
				CODE_SIGN_STYLE = Automatic;
				CURRENT_PROJECT_VERSION = 1;
				DEVELOPMENT_ASSET_PATHS = "\"Dotenko/Preview Content\"";
				DEVELOPMENT_TEAM = QJ944BX8WL;
				ENABLE_PREVIEWS = YES;
				GENERATE_INFOPLIST_FILE = YES;
				INFOPLIST_KEY_UIApplicationSceneManifest_Generation = YES;
				INFOPLIST_KEY_UIApplicationSupportsIndirectInputEvents = YES;
				INFOPLIST_KEY_UILaunchScreen_Generation = YES;
				INFOPLIST_KEY_UISupportedInterfaceOrientations_iPad = "UIInterfaceOrientationPortrait UIInterfaceOrientationPortraitUpsideDown UIInterfaceOrientationLandscapeLeft UIInterfaceOrientationLandscapeRight";
				INFOPLIST_KEY_UISupportedInterfaceOrientations_iPhone = "UIInterfaceOrientationPortrait UIInterfaceOrientationLandscapeLeft UIInterfaceOrientationLandscapeRight";
				IPHONEOS_DEPLOYMENT_TARGET = 15.6;
				LD_RUNPATH_SEARCH_PATHS = (
					"$(inherited)",
					"@executable_path/Frameworks",
				);
				MARKETING_VERSION = 1.0;
				PRODUCT_BUNDLE_IDENTIFIER = com.tkmsnd.Dotenko;
				PRODUCT_NAME = "$(TARGET_NAME)";
				SWIFT_EMIT_LOC_STRINGS = YES;
				SWIFT_VERSION = 5.0;
				TARGETED_DEVICE_FAMILY = "1,2";
			};
			name = Debug;
		};
		5D751A522D155560008B22D4 /* Release */ = {
			isa = XCBuildConfiguration;
			baseConfigurationReference = 5A3FA855D8B59E2041A1A806 /* Pods-Dotenko.release.xcconfig */;
			buildSettings = {
				ASSETCATALOG_COMPILER_APPICON_NAME = AppIcon;
				ASSETCATALOG_COMPILER_GLOBAL_ACCENT_COLOR_NAME = AccentColor;
				CODE_SIGN_STYLE = Automatic;
				CURRENT_PROJECT_VERSION = 1;
				DEVELOPMENT_ASSET_PATHS = "\"Dotenko/Preview Content\"";
				DEVELOPMENT_TEAM = QJ944BX8WL;
				ENABLE_PREVIEWS = YES;
				GENERATE_INFOPLIST_FILE = YES;
				INFOPLIST_KEY_UIApplicationSceneManifest_Generation = YES;
				INFOPLIST_KEY_UIApplicationSupportsIndirectInputEvents = YES;
				INFOPLIST_KEY_UILaunchScreen_Generation = YES;
				INFOPLIST_KEY_UISupportedInterfaceOrientations_iPad = "UIInterfaceOrientationPortrait UIInterfaceOrientationPortraitUpsideDown UIInterfaceOrientationLandscapeLeft UIInterfaceOrientationLandscapeRight";
				INFOPLIST_KEY_UISupportedInterfaceOrientations_iPhone = "UIInterfaceOrientationPortrait UIInterfaceOrientationLandscapeLeft UIInterfaceOrientationLandscapeRight";
				IPHONEOS_DEPLOYMENT_TARGET = 15.6;
				LD_RUNPATH_SEARCH_PATHS = (
					"$(inherited)",
					"@executable_path/Frameworks",
				);
				MARKETING_VERSION = 1.0;
				PRODUCT_BUNDLE_IDENTIFIER = com.tkmsnd.Dotenko;
				PRODUCT_NAME = "$(TARGET_NAME)";
				SWIFT_EMIT_LOC_STRINGS = YES;
				SWIFT_VERSION = 5.0;
				TARGETED_DEVICE_FAMILY = "1,2";
			};
			name = Release;
		};
		5D751A542D155560008B22D4 /* Debug */ = {
			isa = XCBuildConfiguration;
			baseConfigurationReference = 8DFADD398943BC13F45C9D9F /* Pods-DotenkoTests.debug.xcconfig */;
			buildSettings = {
				BUNDLE_LOADER = "$(TEST_HOST)";
				CODE_SIGN_STYLE = Automatic;
				CURRENT_PROJECT_VERSION = 1;
				DEVELOPMENT_TEAM = QJ944BX8WL;
				GENERATE_INFOPLIST_FILE = YES;
				IPHONEOS_DEPLOYMENT_TARGET = 18.2;
				MARKETING_VERSION = 1.0;
				PRODUCT_BUNDLE_IDENTIFIER = com.tkmsnd.DotenkoTests;
				PRODUCT_NAME = "$(TARGET_NAME)";
				SWIFT_EMIT_LOC_STRINGS = NO;
				SWIFT_VERSION = 5.0;
				TARGETED_DEVICE_FAMILY = "1,2";
				TEST_HOST = "$(BUILT_PRODUCTS_DIR)/Dotenko.app/$(BUNDLE_EXECUTABLE_FOLDER_PATH)/Dotenko";
			};
			name = Debug;
		};
		5D751A552D155560008B22D4 /* Release */ = {
			isa = XCBuildConfiguration;
			baseConfigurationReference = 91FB9AE73657FEE65D679DEB /* Pods-DotenkoTests.release.xcconfig */;
			buildSettings = {
				BUNDLE_LOADER = "$(TEST_HOST)";
				CODE_SIGN_STYLE = Automatic;
				CURRENT_PROJECT_VERSION = 1;
				DEVELOPMENT_TEAM = QJ944BX8WL;
				GENERATE_INFOPLIST_FILE = YES;
				IPHONEOS_DEPLOYMENT_TARGET = 18.2;
				MARKETING_VERSION = 1.0;
				PRODUCT_BUNDLE_IDENTIFIER = com.tkmsnd.DotenkoTests;
				PRODUCT_NAME = "$(TARGET_NAME)";
				SWIFT_EMIT_LOC_STRINGS = NO;
				SWIFT_VERSION = 5.0;
				TARGETED_DEVICE_FAMILY = "1,2";
				TEST_HOST = "$(BUILT_PRODUCTS_DIR)/Dotenko.app/$(BUNDLE_EXECUTABLE_FOLDER_PATH)/Dotenko";
			};
			name = Release;
		};
		5D751A572D155560008B22D4 /* Debug */ = {
			isa = XCBuildConfiguration;
			baseConfigurationReference = 5D792602C513FEFD32D8B292 /* Pods-Dotenko-DotenkoUITests.debug.xcconfig */;
			buildSettings = {
				CODE_SIGN_STYLE = Automatic;
				CURRENT_PROJECT_VERSION = 1;
				DEVELOPMENT_TEAM = QJ944BX8WL;
				GENERATE_INFOPLIST_FILE = YES;
				MARKETING_VERSION = 1.0;
				PRODUCT_BUNDLE_IDENTIFIER = com.tkmsnd.DotenkoUITests;
				PRODUCT_NAME = "$(TARGET_NAME)";
				SWIFT_EMIT_LOC_STRINGS = NO;
				SWIFT_VERSION = 5.0;
				TARGETED_DEVICE_FAMILY = "1,2";
				TEST_TARGET_NAME = Dotenko;
			};
			name = Debug;
		};
		5D751A582D155560008B22D4 /* Release */ = {
			isa = XCBuildConfiguration;
			baseConfigurationReference = D37A7771DFCEE90C79283DB7 /* Pods-Dotenko-DotenkoUITests.release.xcconfig */;
			buildSettings = {
				CODE_SIGN_STYLE = Automatic;
				CURRENT_PROJECT_VERSION = 1;
				DEVELOPMENT_TEAM = QJ944BX8WL;
				GENERATE_INFOPLIST_FILE = YES;
				MARKETING_VERSION = 1.0;
				PRODUCT_BUNDLE_IDENTIFIER = com.tkmsnd.DotenkoUITests;
				PRODUCT_NAME = "$(TARGET_NAME)";
				SWIFT_EMIT_LOC_STRINGS = NO;
				SWIFT_VERSION = 5.0;
				TARGETED_DEVICE_FAMILY = "1,2";
				TEST_TARGET_NAME = Dotenko;
			};
			name = Release;
		};
/* End XCBuildConfiguration section */

/* Begin XCConfigurationList section */
		5D751A272D15555D008B22D4 /* Build configuration list for PBXProject "Dotenko" */ = {
			isa = XCConfigurationList;
			buildConfigurations = (
				5D751A4E2D155560008B22D4 /* Debug */,
				5D751A4F2D155560008B22D4 /* Release */,
			);
			defaultConfigurationIsVisible = 0;
			defaultConfigurationName = Release;
		};
		5D751A502D155560008B22D4 /* Build configuration list for PBXNativeTarget "Dotenko" */ = {
			isa = XCConfigurationList;
			buildConfigurations = (
				5D751A512D155560008B22D4 /* Debug */,
				5D751A522D155560008B22D4 /* Release */,
			);
			defaultConfigurationIsVisible = 0;
			defaultConfigurationName = Release;
		};
		5D751A532D155560008B22D4 /* Build configuration list for PBXNativeTarget "DotenkoTests" */ = {
			isa = XCConfigurationList;
			buildConfigurations = (
				5D751A542D155560008B22D4 /* Debug */,
				5D751A552D155560008B22D4 /* Release */,
			);
			defaultConfigurationIsVisible = 0;
			defaultConfigurationName = Release;
		};
		5D751A562D155560008B22D4 /* Build configuration list for PBXNativeTarget "DotenkoUITests" */ = {
			isa = XCConfigurationList;
			buildConfigurations = (
				5D751A572D155560008B22D4 /* Debug */,
				5D751A582D155560008B22D4 /* Release */,
			);
			defaultConfigurationIsVisible = 0;
			defaultConfigurationName = Release;
		};
/* End XCConfigurationList section */
	};
	rootObject = 5D751A242D15555D008B22D4 /* Project object */;
}
